
Microsoft Visual Studio Solution File, Format Version 12.00
# Visual Studio Version 16
VisualStudioVersion = 16.0.30413.136
MinimumVisualStudioVersion = 10.0.40219.1
Project("{FAE04EC0-301F-11D3-BF4B-00C04F79EFBC}") = "cookie-management-sample", "cookie-management-sample.csproj", "{02EF9CA9-6D62-47FC-A8BD-1FBA9C624863}"
EndProject
Global
	GlobalSection(SolutionConfigurationPlatforms) = preSolution
		Debug|Any CPU = Debug|Any CPU
		Release|Any CPU = Release|Any CPU
	EndGlobalSection
	GlobalSection(ProjectConfigurationPlatforms) = postSolution
		{02EF9CA9-6D62-47FC-A8BD-1FBA9C624863}.Debug|Any CPU.ActiveCfg = Debug|Any CPU
		{02EF9CA9-6D62-47FC-A8BD-1FBA9C624863}.Debug|Any CPU.Build.0 = Debug|Any CPU
		{02EF9CA9-6D62-47FC-A8BD-1FBA9C624863}.Release|Any CPU.ActiveCfg = Release|Any CPU
		{02EF9CA9-6D62-47FC-A8BD-1FBA9C624863}.Release|Any CPU.Build.0 = Release|Any CPU
	EndGlobalSection
	GlobalSection(SolutionProperties) = preSolution
		HideSolutionNode = FALSE
	EndGlobalSection
	GlobalSection(ExtensibilityGlobals) = postSolution
		SolutionGuid = {DEEBE2B6-5994-44C0-8B48-6A10694C1D9C}
	EndGlobalSection
EndGlobal
